// !$*UTF8*$!
{
	archiveVersion = 1;
	classes = {
	};
	objectVersion = 48;
	objects = {

/* Begin PBXBuildFile section */
		80086AA5205E64410005B29D /* Pods_AllDemo.framework in Frameworks */ = {isa = PBXBuildFile; fileRef = 80086AA6205E64410005B29D /* Pods_AllDemo.framework */; };
		8022ED6B205E507D0099E1E2 /* AppDelegate.swift in Sources */ = {isa = PBXBuildFile; fileRef = 8022ED6A205E507D0099E1E2 /* AppDelegate.swift */; };
		8022ED70205E507D0099E1E2 /* Main.storyboard in Resources */ = {isa = PBXBuildFile; fileRef = 8022ED6E205E507D0099E1E2 /* Main.storyboard */; };
		8022ED72205E507D0099E1E2 /* Assets.xcassets in Resources */ = {isa = PBXBuildFile; fileRef = 8022ED71205E507D0099E1E2 /* Assets.xcassets */; };
		8022ED75205E507D0099E1E2 /* LaunchScreen.storyboard in Resources */ = {isa = PBXBuildFile; fileRef = 8022ED73205E507D0099E1E2 /* LaunchScreen.storyboard */; };
		8022ED80205E507F0099E1E2 /* AllDemoTests.swift in Sources */ = {isa = PBXBuildFile; fileRef = 8022ED7F205E507F0099E1E2 /* AllDemoTests.swift */; };
		8022ED8B205E507F0099E1E2 /* AllDemoUITests.swift in Sources */ = {isa = PBXBuildFile; fileRef = 8022ED8A205E507F0099E1E2 /* AllDemoUITests.swift */; };
		8022ED9B205E51E30099E1E2 /* LoginViewController.swift in Sources */ = {isa = PBXBuildFile; fileRef = 8022ED99205E51CE0099E1E2 /* LoginViewController.swift */; };
		8022ED9C205E51E30099E1E2 /* LoginScreen.xib in Resources */ = {isa = PBXBuildFile; fileRef = 8022ED9A205E51DA0099E1E2 /* LoginScreen.xib */; };
		8022ED9E205E55860099E1E2 /* MainViewViewController.swift in Sources */ = {isa = PBXBuildFile; fileRef = 8022ED9D205E55860099E1E2 /* MainViewViewController.swift */; };
		8022EDA3205E572F0099E1E2 /* ConstantFunctions.swift in Sources */ = {isa = PBXBuildFile; fileRef = 8022EDA0205E572F0099E1E2 /* ConstantFunctions.swift */; };
		8022EDA4205E572F0099E1E2 /* ColorConstant.swift in Sources */ = {isa = PBXBuildFile; fileRef = 8022EDA1205E572F0099E1E2 /* ColorConstant.swift */; };
		8022EDA5205E572F0099E1E2 /* LayoutSetting.swift in Sources */ = {isa = PBXBuildFile; fileRef = 8022EDA2205E572F0099E1E2 /* LayoutSetting.swift */; };
		8022EDAD205E57580099E1E2 /* imageAndLabelTableViewCell.xib in Resources */ = {isa = PBXBuildFile; fileRef = 8022EDA7205E57570099E1E2 /* imageAndLabelTableViewCell.xib */; };
		8022EDAE205E57580099E1E2 /* basicTextandLabelCell.xib in Resources */ = {isa = PBXBuildFile; fileRef = 8022EDA8205E57570099E1E2 /* basicTextandLabelCell.xib */; };
		8022EDAF205E57580099E1E2 /* basicTextandLabelTableViewCell.swift in Sources */ = {isa = PBXBuildFile; fileRef = 8022EDA9205E57570099E1E2 /* basicTextandLabelTableViewCell.swift */; };
		8022EDB0205E57580099E1E2 /* buttonAndImageCellTableViewCell.swift in Sources */ = {isa = PBXBuildFile; fileRef = 8022EDAA205E57570099E1E2 /* buttonAndImageCellTableViewCell.swift */; };
		8022EDB1205E57580099E1E2 /* buttonAndImageCellTableViewCell.xib in Resources */ = {isa = PBXBuildFile; fileRef = 8022EDAB205E57570099E1E2 /* buttonAndImageCellTableViewCell.xib */; };
		8022EDB2205E57580099E1E2 /* imageAndLabelTableViewCell.swift in Sources */ = {isa = PBXBuildFile; fileRef = 8022EDAC205E57580099E1E2 /* imageAndLabelTableViewCell.swift */; };
		8022EDB5205E5A920099E1E2 /* SwipeTableViewController.swift in Sources */ = {isa = PBXBuildFile; fileRef = 8022EDB4205E5A920099E1E2 /* SwipeTableViewController.swift */; };
		8022EDB8205E5B170099E1E2 /* SearchTextField.swift in Sources */ = {isa = PBXBuildFile; fileRef = 8022EDB7205E5B170099E1E2 /* SearchTextField.swift */; };
		8022EDBA205E5C330099E1E2 /* SearchViewController.swift in Sources */ = {isa = PBXBuildFile; fileRef = 8022EDB9205E5C330099E1E2 /* SearchViewController.swift */; };
		8022EDBD205E5D580099E1E2 /* Main2.storyboard in Resources */ = {isa = PBXBuildFile; fileRef = 8022EDBC205E5D580099E1E2 /* Main2.storyboard */; };
		8022EDC4205E5D750099E1E2 /* ChildViewController.swift in Sources */ = {isa = PBXBuildFile; fileRef = 8022EDBE205E5D750099E1E2 /* ChildViewController.swift */; };
		8022EDC5205E5D750099E1E2 /* ThirdViewController.swift in Sources */ = {isa = PBXBuildFile; fileRef = 8022EDBF205E5D750099E1E2 /* ThirdViewController.swift */; };
		8022EDC6205E5D750099E1E2 /* View.xib in Resources */ = {isa = PBXBuildFile; fileRef = 8022EDC0205E5D750099E1E2 /* View.xib */; };
		8022EDC7205E5D750099E1E2 /* DesignableButton.swift in Sources */ = {isa = PBXBuildFile; fileRef = 8022EDC1205E5D750099E1E2 /* DesignableButton.swift */; };
		8022EDC8205E5D750099E1E2 /* AddMainViewController.swift in Sources */ = {isa = PBXBuildFile; fileRef = 8022EDC2205E5D750099E1E2 /* AddMainViewController.swift */; };
		8022EDC9205E5D750099E1E2 /* StackDemoViewController.swift in Sources */ = {isa = PBXBuildFile; fileRef = 8022EDC3205E5D750099E1E2 /* StackDemoViewController.swift */; };
/* End PBXBuildFile section */

/* Begin PBXContainerItemProxy section */
		8022ED7C205E507E0099E1E2 /* PBXContainerItemProxy */ = {
			isa = PBXContainerItemProxy;
			containerPortal = 8022ED5F205E507B0099E1E2 /* Project object */;
			proxyType = 1;
			remoteGlobalIDString = 8022ED66205E507C0099E1E2;
			remoteInfo = AllDemo;
		};
		8022ED87205E507F0099E1E2 /* PBXContainerItemProxy */ = {
			isa = PBXContainerItemProxy;
			containerPortal = 8022ED5F205E507B0099E1E2 /* Project object */;
			proxyType = 1;
			remoteGlobalIDString = 8022ED66205E507C0099E1E2;
			remoteInfo = AllDemo;
		};
/* End PBXContainerItemProxy section */

/* Begin PBXFileReference section */
		26A7A87C3F3B7C7894E13362 /* Pods_AllDemoTests.framework */ = {isa = PBXFileReference; explicitFileType = wrapper.framework; includeInIndex = 0; path = Pods_AllDemoTests.framework; sourceTree = BUILT_PRODUCTS_DIR; };
		2D3D6EA1B3A1B0ADA21F7F4C /* Pods_AllDemo.framework */ = {isa = PBXFileReference; explicitFileType = wrapper.framework; includeInIndex = 0; path = Pods_AllDemo.framework; sourceTree = BUILT_PRODUCTS_DIR; };
		60C9B879CBCC22CD98D3BB7F /* Pods_AllDemo_AllDemoTests.framework */ = {isa = PBXFileReference; explicitFileType = wrapper.framework; includeInIndex = 0; path = Pods_AllDemo_AllDemoTests.framework; sourceTree = BUILT_PRODUCTS_DIR; };
		80086AA4205E63060005B29D /* Alamofire.framework */ = {isa = PBXFileReference; explicitFileType = wrapper.framework; path = Alamofire.framework; sourceTree = BUILT_PRODUCTS_DIR; };
		80086AA6205E64410005B29D /* Pods_AllDemo.framework */ = {isa = PBXFileReference; explicitFileType = wrapper.framework; path = Pods_AllDemo.framework; sourceTree = BUILT_PRODUCTS_DIR; };
		8022ED67205E507D0099E1E2 /* AllDemo.app */ = {isa = PBXFileReference; explicitFileType = wrapper.application; includeInIndex = 0; path = AllDemo.app; sourceTree = BUILT_PRODUCTS_DIR; };
		8022ED6A205E507D0099E1E2 /* AppDelegate.swift */ = {isa = PBXFileReference; lastKnownFileType = sourcecode.swift; path = AppDelegate.swift; sourceTree = "<group>"; };
		8022ED6F205E507D0099E1E2 /* Base */ = {isa = PBXFileReference; lastKnownFileType = file.storyboard; name = Base; path = Base.lproj/Main.storyboard; sourceTree = "<group>"; };
		8022ED71205E507D0099E1E2 /* Assets.xcassets */ = {isa = PBXFileReference; lastKnownFileType = folder.assetcatalog; path = Assets.xcassets; sourceTree = "<group>"; };
		8022ED74205E507D0099E1E2 /* Base */ = {isa = PBXFileReference; lastKnownFileType = file.storyboard; name = Base; path = Base.lproj/LaunchScreen.storyboard; sourceTree = "<group>"; };
		8022ED76205E507D0099E1E2 /* Info.plist */ = {isa = PBXFileReference; lastKnownFileType = text.plist.xml; path = Info.plist; sourceTree = "<group>"; };
		8022ED7B205E507E0099E1E2 /* AllDemoTests.xctest */ = {isa = PBXFileReference; explicitFileType = wrapper.cfbundle; includeInIndex = 0; path = AllDemoTests.xctest; sourceTree = BUILT_PRODUCTS_DIR; };
		8022ED7F205E507F0099E1E2 /* AllDemoTests.swift */ = {isa = PBXFileReference; lastKnownFileType = sourcecode.swift; path = AllDemoTests.swift; sourceTree = "<group>"; };
		8022ED81205E507F0099E1E2 /* Info.plist */ = {isa = PBXFileReference; lastKnownFileType = text.plist.xml; path = Info.plist; sourceTree = "<group>"; };
		8022ED86205E507F0099E1E2 /* AllDemoUITests.xctest */ = {isa = PBXFileReference; explicitFileType = wrapper.cfbundle; includeInIndex = 0; path = AllDemoUITests.xctest; sourceTree = BUILT_PRODUCTS_DIR; };
		8022ED8A205E507F0099E1E2 /* AllDemoUITests.swift */ = {isa = PBXFileReference; lastKnownFileType = sourcecode.swift; path = AllDemoUITests.swift; sourceTree = "<group>"; };
		8022ED8C205E507F0099E1E2 /* Info.plist */ = {isa = PBXFileReference; lastKnownFileType = text.plist.xml; path = Info.plist; sourceTree = "<group>"; };
		8022ED99205E51CE0099E1E2 /* LoginViewController.swift */ = {isa = PBXFileReference; fileEncoding = 4; lastKnownFileType = sourcecode.swift; path = LoginViewController.swift; sourceTree = "<group>"; };
		8022ED9A205E51DA0099E1E2 /* LoginScreen.xib */ = {isa = PBXFileReference; fileEncoding = 4; lastKnownFileType = file.xib; path = LoginScreen.xib; sourceTree = "<group>"; };
		8022ED9D205E55860099E1E2 /* MainViewViewController.swift */ = {isa = PBXFileReference; lastKnownFileType = sourcecode.swift; path = MainViewViewController.swift; sourceTree = "<group>"; };
		8022EDA0205E572F0099E1E2 /* ConstantFunctions.swift */ = {isa = PBXFileReference; fileEncoding = 4; lastKnownFileType = sourcecode.swift; path = ConstantFunctions.swift; sourceTree = "<group>"; };
		8022EDA1205E572F0099E1E2 /* ColorConstant.swift */ = {isa = PBXFileReference; fileEncoding = 4; lastKnownFileType = sourcecode.swift; path = ColorConstant.swift; sourceTree = "<group>"; };
		8022EDA2205E572F0099E1E2 /* LayoutSetting.swift */ = {isa = PBXFileReference; fileEncoding = 4; lastKnownFileType = sourcecode.swift; path = LayoutSetting.swift; sourceTree = "<group>"; };
		8022EDA7205E57570099E1E2 /* imageAndLabelTableViewCell.xib */ = {isa = PBXFileReference; fileEncoding = 4; lastKnownFileType = file.xib; path = imageAndLabelTableViewCell.xib; sourceTree = "<group>"; };
		8022EDA8205E57570099E1E2 /* basicTextandLabelCell.xib */ = {isa = PBXFileReference; fileEncoding = 4; lastKnownFileType = file.xib; path = basicTextandLabelCell.xib; sourceTree = "<group>"; };
		8022EDA9205E57570099E1E2 /* basicTextandLabelTableViewCell.swift */ = {isa = PBXFileReference; fileEncoding = 4; lastKnownFileType = sourcecode.swift; path = basicTextandLabelTableViewCell.swift; sourceTree = "<group>"; };
		8022EDAA205E57570099E1E2 /* buttonAndImageCellTableViewCell.swift */ = {isa = PBXFileReference; fileEncoding = 4; lastKnownFileType = sourcecode.swift; path = buttonAndImageCellTableViewCell.swift; sourceTree = "<group>"; };
		8022EDAB205E57570099E1E2 /* buttonAndImageCellTableViewCell.xib */ = {isa = PBXFileReference; fileEncoding = 4; lastKnownFileType = file.xib; path = buttonAndImageCellTableViewCell.xib; sourceTree = "<group>"; };
		8022EDAC205E57580099E1E2 /* imageAndLabelTableViewCell.swift */ = {isa = PBXFileReference; fileEncoding = 4; lastKnownFileType = sourcecode.swift; path = imageAndLabelTableViewCell.swift; sourceTree = "<group>"; };
		8022EDB4205E5A920099E1E2 /* SwipeTableViewController.swift */ = {isa = PBXFileReference; fileEncoding = 4; lastKnownFileType = sourcecode.swift; path = SwipeTableViewController.swift; sourceTree = "<group>"; };
		8022EDB7205E5B170099E1E2 /* SearchTextField.swift */ = {isa = PBXFileReference; fileEncoding = 4; lastKnownFileType = sourcecode.swift; path = SearchTextField.swift; sourceTree = "<group>"; };
		8022EDB9205E5C330099E1E2 /* SearchViewController.swift */ = {isa = PBXFileReference; fileEncoding = 4; lastKnownFileType = sourcecode.swift; path = SearchViewController.swift; sourceTree = "<group>"; };
		8022EDBC205E5D580099E1E2 /* Main2.storyboard */ = {isa = PBXFileReference; fileEncoding = 4; lastKnownFileType = file.storyboard; path = Main2.storyboard; sourceTree = "<group>"; };
		8022EDBE205E5D750099E1E2 /* ChildViewController.swift */ = {isa = PBXFileReference; fileEncoding = 4; lastKnownFileType = sourcecode.swift; path = ChildViewController.swift; sourceTree = "<group>"; };
		8022EDBF205E5D750099E1E2 /* ThirdViewController.swift */ = {isa = PBXFileReference; fileEncoding = 4; lastKnownFileType = sourcecode.swift; path = ThirdViewController.swift; sourceTree = "<group>"; };
		8022EDC0205E5D750099E1E2 /* View.xib */ = {isa = PBXFileReference; fileEncoding = 4; lastKnownFileType = file.xib; path = View.xib; sourceTree = "<group>"; };
		8022EDC1205E5D750099E1E2 /* DesignableButton.swift */ = {isa = PBXFileReference; fileEncoding = 4; lastKnownFileType = sourcecode.swift; path = DesignableButton.swift; sourceTree = "<group>"; };
		8022EDC2205E5D750099E1E2 /* AddMainViewController.swift */ = {isa = PBXFileReference; fileEncoding = 4; lastKnownFileType = sourcecode.swift; path = AddMainViewController.swift; sourceTree = "<group>"; };
		8022EDC3205E5D750099E1E2 /* StackDemoViewController.swift */ = {isa = PBXFileReference; fileEncoding = 4; lastKnownFileType = sourcecode.swift; path = StackDemoViewController.swift; sourceTree = "<group>"; };
		807687A3205E68540050BDAC /* Alamofire.framework */ = {isa = PBXFileReference; explicitFileType = wrapper.framework; path = Alamofire.framework; sourceTree = BUILT_PRODUCTS_DIR; };
		807687A5205E68EA0050BDAC /* Alamofire.framework */ = {isa = PBXFileReference; explicitFileType = wrapper.framework; path = Alamofire.framework; sourceTree = BUILT_PRODUCTS_DIR; };
		807687A7205E69DD0050BDAC /* Alamofire.framework */ = {isa = PBXFileReference; explicitFileType = wrapper.framework; path = Alamofire.framework; sourceTree = BUILT_PRODUCTS_DIR; };
		91BFD878EBFEC92608096EB3 /* Pods-AllDemo.release.xcconfig */ = {isa = PBXFileReference; includeInIndex = 1; lastKnownFileType = text.xcconfig; name = "Pods-AllDemo.release.xcconfig"; path = "Pods/Target Support Files/Pods-AllDemo/Pods-AllDemo.release.xcconfig"; sourceTree = "<group>"; };
		9850C45D56AB3F4A58C044F1 /* Pods-AllDemo-AllDemoTests.debug.xcconfig */ = {isa = PBXFileReference; includeInIndex = 1; lastKnownFileType = text.xcconfig; name = "Pods-AllDemo-AllDemoTests.debug.xcconfig"; path = "Pods/Target Support Files/Pods-AllDemo-AllDemoTests/Pods-AllDemo-AllDemoTests.debug.xcconfig"; sourceTree = "<group>"; };
		B2836EF7583529CF9C57649E /* Pods-AllDemo-AllDemoTests.release.xcconfig */ = {isa = PBXFileReference; includeInIndex = 1; lastKnownFileType = text.xcconfig; name = "Pods-AllDemo-AllDemoTests.release.xcconfig"; path = "Pods/Target Support Files/Pods-AllDemo-AllDemoTests/Pods-AllDemo-AllDemoTests.release.xcconfig"; sourceTree = "<group>"; };
		DC144FAB01D7494431F61E3A /* Pods-AllDemo.debug.xcconfig */ = {isa = PBXFileReference; includeInIndex = 1; lastKnownFileType = text.xcconfig; name = "Pods-AllDemo.debug.xcconfig"; path = "Pods/Target Support Files/Pods-AllDemo/Pods-AllDemo.debug.xcconfig"; sourceTree = "<group>"; };
		F93931F063D65129BA86EBDD /* Pods_AllDemoUITests.framework */ = {isa = PBXFileReference; explicitFileType = wrapper.framework; includeInIndex = 0; path = Pods_AllDemoUITests.framework; sourceTree = BUILT_PRODUCTS_DIR; };
/* End PBXFileReference section */

/* Begin PBXFrameworksBuildPhase section */
		8022ED64205E507C0099E1E2 /* Frameworks */ = {
			isa = PBXFrameworksBuildPhase;
			buildActionMask = 2147483647;
			files = (
				80086AA5205E64410005B29D /* Pods_AllDemo.framework in Frameworks */,
			);
			runOnlyForDeploymentPostprocessing = 0;
		};
		8022ED78205E507E0099E1E2 /* Frameworks */ = {
			isa = PBXFrameworksBuildPhase;
			buildActionMask = 2147483647;
			files = (
			);
			runOnlyForDeploymentPostprocessing = 0;
		};
		8022ED83205E507F0099E1E2 /* Frameworks */ = {
			isa = PBXFrameworksBuildPhase;
			buildActionMask = 2147483647;
			files = (
			);
			runOnlyForDeploymentPostprocessing = 0;
		};
/* End PBXFrameworksBuildPhase section */

/* Begin PBXGroup section */
		8022ED5E205E507B0099E1E2 = {
			isa = PBXGroup;
			children = (
				8022ED69205E507D0099E1E2 /* AllDemo */,
				8022ED7E205E507E0099E1E2 /* AllDemoTests */,
				8022ED89205E507F0099E1E2 /* AllDemoUITests */,
				8022ED68205E507D0099E1E2 /* Products */,
				B13F1941C45055D16F9058EE /* Pods */,
				98CBB0F2BF17D3B16E58C83E /* Frameworks */,
			);
			sourceTree = "<group>";
		};
		8022ED68205E507D0099E1E2 /* Products */ = {
			isa = PBXGroup;
			children = (
				8022ED67205E507D0099E1E2 /* AllDemo.app */,
				8022ED7B205E507E0099E1E2 /* AllDemoTests.xctest */,
				8022ED86205E507F0099E1E2 /* AllDemoUITests.xctest */,
			);
			name = Products;
			sourceTree = "<group>";
		};
		8022ED69205E507D0099E1E2 /* AllDemo */ = {
			isa = PBXGroup;
			children = (
				8022EDBB205E5D490099E1E2 /* Child */,
				8022EDB6205E5B060099E1E2 /* SearchTextfield */,
				8022EDB3205E5A880099E1E2 /* SwipeDemo */,
				8022ED9F205E571A0099E1E2 /* Constants */,
				8022ED98205E519E0099E1E2 /* XibDemo */,
				8022ED6A205E507D0099E1E2 /* AppDelegate.swift */,
				8022ED9D205E55860099E1E2 /* MainViewViewController.swift */,
				8022ED6E205E507D0099E1E2 /* Main.storyboard */,
				8022ED71205E507D0099E1E2 /* Assets.xcassets */,
				8022ED73205E507D0099E1E2 /* LaunchScreen.storyboard */,
				8022ED76205E507D0099E1E2 /* Info.plist */,
			);
			path = AllDemo;
			sourceTree = "<group>";
		};
		8022ED7E205E507E0099E1E2 /* AllDemoTests */ = {
			isa = PBXGroup;
			children = (
				8022ED7F205E507F0099E1E2 /* AllDemoTests.swift */,
				8022ED81205E507F0099E1E2 /* Info.plist */,
			);
			path = AllDemoTests;
			sourceTree = "<group>";
		};
		8022ED89205E507F0099E1E2 /* AllDemoUITests */ = {
			isa = PBXGroup;
			children = (
				8022ED8A205E507F0099E1E2 /* AllDemoUITests.swift */,
				8022ED8C205E507F0099E1E2 /* Info.plist */,
			);
			path = AllDemoUITests;
			sourceTree = "<group>";
		};
		8022ED98205E519E0099E1E2 /* XibDemo */ = {
			isa = PBXGroup;
			children = (
				8022EDA6205E57440099E1E2 /* Xibs */,
				8022ED9A205E51DA0099E1E2 /* LoginScreen.xib */,
				8022ED99205E51CE0099E1E2 /* LoginViewController.swift */,
			);
			path = XibDemo;
			sourceTree = "<group>";
		};
		8022ED9F205E571A0099E1E2 /* Constants */ = {
			isa = PBXGroup;
			children = (
				8022EDA1205E572F0099E1E2 /* ColorConstant.swift */,
				8022EDA0205E572F0099E1E2 /* ConstantFunctions.swift */,
				8022EDA2205E572F0099E1E2 /* LayoutSetting.swift */,
			);
			path = Constants;
			sourceTree = "<group>";
		};
		8022EDA6205E57440099E1E2 /* Xibs */ = {
			isa = PBXGroup;
			children = (
				8022EDA8205E57570099E1E2 /* basicTextandLabelCell.xib */,
				8022EDA9205E57570099E1E2 /* basicTextandLabelTableViewCell.swift */,
				8022EDAA205E57570099E1E2 /* buttonAndImageCellTableViewCell.swift */,
				8022EDAB205E57570099E1E2 /* buttonAndImageCellTableViewCell.xib */,
				8022EDAC205E57580099E1E2 /* imageAndLabelTableViewCell.swift */,
				8022EDA7205E57570099E1E2 /* imageAndLabelTableViewCell.xib */,
			);
			path = Xibs;
			sourceTree = "<group>";
		};
		8022EDB3205E5A880099E1E2 /* SwipeDemo */ = {
			isa = PBXGroup;
			children = (
				8022EDB4205E5A920099E1E2 /* SwipeTableViewController.swift */,
			);
			path = SwipeDemo;
			sourceTree = "<group>";
		};
		8022EDB6205E5B060099E1E2 /* SearchTextfield */ = {
			isa = PBXGroup;
			children = (
				8022EDB9205E5C330099E1E2 /* SearchViewController.swift */,
				8022EDB7205E5B170099E1E2 /* SearchTextField.swift */,
			);
			path = SearchTextfield;
			sourceTree = "<group>";
		};
		8022EDBB205E5D490099E1E2 /* Child */ = {
			isa = PBXGroup;
			children = (
				8022EDC2205E5D750099E1E2 /* AddMainViewController.swift */,
				8022EDBE205E5D750099E1E2 /* ChildViewController.swift */,
				8022EDC1205E5D750099E1E2 /* DesignableButton.swift */,
				8022EDC3205E5D750099E1E2 /* StackDemoViewController.swift */,
				8022EDBF205E5D750099E1E2 /* ThirdViewController.swift */,
				8022EDC0205E5D750099E1E2 /* View.xib */,
				8022EDBC205E5D580099E1E2 /* Main2.storyboard */,
			);
			path = Child;
			sourceTree = "<group>";
		};
		98CBB0F2BF17D3B16E58C83E /* Frameworks */ = {
			isa = PBXGroup;
			children = (
				807687A7205E69DD0050BDAC /* Alamofire.framework */,
				807687A5205E68EA0050BDAC /* Alamofire.framework */,
				807687A3205E68540050BDAC /* Alamofire.framework */,
				80086AA6205E64410005B29D /* Pods_AllDemo.framework */,
				80086AA4205E63060005B29D /* Alamofire.framework */,
				2D3D6EA1B3A1B0ADA21F7F4C /* Pods_AllDemo.framework */,
				26A7A87C3F3B7C7894E13362 /* Pods_AllDemoTests.framework */,
				60C9B879CBCC22CD98D3BB7F /* Pods_AllDemo_AllDemoTests.framework */,
				F93931F063D65129BA86EBDD /* Pods_AllDemoUITests.framework */,
			);
			name = Frameworks;
			sourceTree = "<group>";
		};
		B13F1941C45055D16F9058EE /* Pods */ = {
			isa = PBXGroup;
			children = (
				DC144FAB01D7494431F61E3A /* Pods-AllDemo.debug.xcconfig */,
				91BFD878EBFEC92608096EB3 /* Pods-AllDemo.release.xcconfig */,
				9850C45D56AB3F4A58C044F1 /* Pods-AllDemo-AllDemoTests.debug.xcconfig */,
				B2836EF7583529CF9C57649E /* Pods-AllDemo-AllDemoTests.release.xcconfig */,
			);
			name = Pods;
			sourceTree = "<group>";
		};
/* End PBXGroup section */

/* Begin PBXNativeTarget section */
		8022ED66205E507C0099E1E2 /* AllDemo */ = {
			isa = PBXNativeTarget;
			buildConfigurationList = 8022ED8F205E507F0099E1E2 /* Build configuration list for PBXNativeTarget "AllDemo" */;
			buildPhases = (
				6DC711E4275025043B2F387E /* [CP] Check Pods Manifest.lock */,
				8022ED63205E507C0099E1E2 /* Sources */,
				8022ED64205E507C0099E1E2 /* Frameworks */,
				8022ED65205E507C0099E1E2 /* Resources */,
				574DE5AD6D29A6E10E4ECE0F /* [CP] Embed Pods Frameworks */,
				F1692BA6499A0617CA9C5695 /* [CP] Copy Pods Resources */,
			);
			buildRules = (
			);
			dependencies = (
			);
			name = AllDemo;
			productName = AllDemo;
			productReference = 8022ED67205E507D0099E1E2 /* AllDemo.app */;
			productType = "com.apple.product-type.application";
		};
		8022ED7A205E507E0099E1E2 /* AllDemoTests */ = {
			isa = PBXNativeTarget;
			buildConfigurationList = 8022ED92205E507F0099E1E2 /* Build configuration list for PBXNativeTarget "AllDemoTests" */;
			buildPhases = (
				8022ED77205E507E0099E1E2 /* Sources */,
				8022ED78205E507E0099E1E2 /* Frameworks */,
				8022ED79205E507E0099E1E2 /* Resources */,
			);
			buildRules = (
			);
			dependencies = (
				8022ED7D205E507E0099E1E2 /* PBXTargetDependency */,
			);
			name = AllDemoTests;
			productName = AllDemoTests;
			productReference = 8022ED7B205E507E0099E1E2 /* AllDemoTests.xctest */;
			productType = "com.apple.product-type.bundle.unit-test";
		};
		8022ED85205E507F0099E1E2 /* AllDemoUITests */ = {
			isa = PBXNativeTarget;
			buildConfigurationList = 8022ED95205E507F0099E1E2 /* Build configuration list for PBXNativeTarget "AllDemoUITests" */;
			buildPhases = (
				8022ED82205E507F0099E1E2 /* Sources */,
				8022ED83205E507F0099E1E2 /* Frameworks */,
				8022ED84205E507F0099E1E2 /* Resources */,
			);
			buildRules = (
			);
			dependencies = (
				8022ED88205E507F0099E1E2 /* PBXTargetDependency */,
			);
			name = AllDemoUITests;
			productName = AllDemoUITests;
			productReference = 8022ED86205E507F0099E1E2 /* AllDemoUITests.xctest */;
			productType = "com.apple.product-type.bundle.ui-testing";
		};
/* End PBXNativeTarget section */

/* Begin PBXProject section */
		8022ED5F205E507B0099E1E2 /* Project object */ = {
			isa = PBXProject;
			attributes = {
				LastSwiftUpdateCheck = 0920;
				LastUpgradeCheck = 0920;
				ORGANIZATIONNAME = "Vaibhav Agarwal";
				TargetAttributes = {
					8022ED66205E507C0099E1E2 = {
						CreatedOnToolsVersion = 9.2;
						ProvisioningStyle = Automatic;
					};
					8022ED7A205E507E0099E1E2 = {
						CreatedOnToolsVersion = 9.2;
						ProvisioningStyle = Automatic;
						TestTargetID = 8022ED66205E507C0099E1E2;
					};
					8022ED85205E507F0099E1E2 = {
						CreatedOnToolsVersion = 9.2;
						ProvisioningStyle = Automatic;
						TestTargetID = 8022ED66205E507C0099E1E2;
					};
				};
			};
			buildConfigurationList = 8022ED62205E507B0099E1E2 /* Build configuration list for PBXProject "AllDemo" */;
			compatibilityVersion = "Xcode 8.0";
			developmentRegion = en;
			hasScannedForEncodings = 0;
			knownRegions = (
				en,
				Base,
			);
			mainGroup = 8022ED5E205E507B0099E1E2;
			productRefGroup = 8022ED68205E507D0099E1E2 /* Products */;
			projectDirPath = "";
			projectRoot = "";
			targets = (
				8022ED66205E507C0099E1E2 /* AllDemo */,
				8022ED7A205E507E0099E1E2 /* AllDemoTests */,
				8022ED85205E507F0099E1E2 /* AllDemoUITests */,
			);
		};
/* End PBXProject section */

/* Begin PBXResourcesBuildPhase section */
		8022ED65205E507C0099E1E2 /* Resources */ = {
			isa = PBXResourcesBuildPhase;
			buildActionMask = 2147483647;
			files = (
				8022EDAE205E57580099E1E2 /* basicTextandLabelCell.xib in Resources */,
				8022EDAD205E57580099E1E2 /* imageAndLabelTableViewCell.xib in Resources */,
				8022ED75205E507D0099E1E2 /* LaunchScreen.storyboard in Resources */,
				8022ED9C205E51E30099E1E2 /* LoginScreen.xib in Resources */,
				8022EDC6205E5D750099E1E2 /* View.xib in Resources */,
				8022EDB1205E57580099E1E2 /* buttonAndImageCellTableViewCell.xib in Resources */,
				8022ED72205E507D0099E1E2 /* Assets.xcassets in Resources */,
				8022EDBD205E5D580099E1E2 /* Main2.storyboard in Resources */,
				8022ED70205E507D0099E1E2 /* Main.storyboard in Resources */,
			);
			runOnlyForDeploymentPostprocessing = 0;
		};
		8022ED79205E507E0099E1E2 /* Resources */ = {
			isa = PBXResourcesBuildPhase;
			buildActionMask = 2147483647;
			files = (
			);
			runOnlyForDeploymentPostprocessing = 0;
		};
		8022ED84205E507F0099E1E2 /* Resources */ = {
			isa = PBXResourcesBuildPhase;
			buildActionMask = 2147483647;
			files = (
			);
			runOnlyForDeploymentPostprocessing = 0;
		};
/* End PBXResourcesBuildPhase section */

/* Begin PBXShellScriptBuildPhase section */
		574DE5AD6D29A6E10E4ECE0F /* [CP] Embed Pods Frameworks */ = {
			isa = PBXShellScriptBuildPhase;
			buildActionMask = 2147483647;
			files = (
			);
			inputPaths = (
				"${SRCROOT}/Pods/Target Support Files/Pods-AllDemo/Pods-AllDemo-frameworks.sh",
				"${BUILT_PRODUCTS_DIR}/Alamofire/Alamofire.framework",
			);
			name = "[CP] Embed Pods Frameworks";
			outputPaths = (
				"${TARGET_BUILD_DIR}/${FRAMEWORKS_FOLDER_PATH}/Alamofire.framework",
			);
			runOnlyForDeploymentPostprocessing = 0;
			shellPath = /bin/sh;
			shellScript = "\"${SRCROOT}/Pods/Target Support Files/Pods-AllDemo/Pods-AllDemo-frameworks.sh\"\n";
			showEnvVarsInLog = 0;
		};
		6DC711E4275025043B2F387E /* [CP] Check Pods Manifest.lock */ = {
			isa = PBXShellScriptBuildPhase;
			buildActionMask = 2147483647;
			files = (
			);
			inputPaths = (
				"${PODS_PODFILE_DIR_PATH}/Podfile.lock",
				"${PODS_ROOT}/Manifest.lock",
			);
			name = "[CP] Check Pods Manifest.lock";
			outputPaths = (
				"$(DERIVED_FILE_DIR)/Pods-AllDemo-checkManifestLockResult.txt",
			);
			runOnlyForDeploymentPostprocessing = 0;
			shellPath = /bin/sh;
			shellScript = "diff \"${PODS_PODFILE_DIR_PATH}/Podfile.lock\" \"${PODS_ROOT}/Manifest.lock\" > /dev/null\nif [ $? != 0 ] ; then\n    # print error to STDERR\n    echo \"error: The sandbox is not in sync with the Podfile.lock. Run 'pod install' or update your CocoaPods installation.\" >&2\n    exit 1\nfi\n# This output is used by Xcode 'outputs' to avoid re-running this script phase.\necho \"SUCCESS\" > \"${SCRIPT_OUTPUT_FILE_0}\"\n";
			showEnvVarsInLog = 0;
		};
		F1692BA6499A0617CA9C5695 /* [CP] Copy Pods Resources */ = {
			isa = PBXShellScriptBuildPhase;
			buildActionMask = 2147483647;
			files = (
			);
			inputPaths = (
			);
			name = "[CP] Copy Pods Resources";
			outputPaths = (
			);
			runOnlyForDeploymentPostprocessing = 0;
			shellPath = /bin/sh;
			shellScript = "\"${SRCROOT}/Pods/Target Support Files/Pods-AllDemo/Pods-AllDemo-resources.sh\"\n";
			showEnvVarsInLog = 0;
		};
/* End PBXShellScriptBuildPhase section */

/* Begin PBXSourcesBuildPhase section */
		8022ED63205E507C0099E1E2 /* Sources */ = {
			isa = PBXSourcesBuildPhase;
			buildActionMask = 2147483647;
			files = (
				8022ED9B205E51E30099E1E2 /* LoginViewController.swift in Sources */,
				8022EDB8205E5B170099E1E2 /* SearchTextField.swift in Sources */,
				8022EDA3205E572F0099E1E2 /* ConstantFunctions.swift in Sources */,
				8022EDC8205E5D750099E1E2 /* AddMainViewController.swift in Sources */,
				8022EDC9205E5D750099E1E2 /* StackDemoViewController.swift in Sources */,
				8022ED9E205E55860099E1E2 /* MainViewViewController.swift in Sources */,
				8022ED6B205E507D0099E1E2 /* AppDelegate.swift in Sources */,
				8022EDC4205E5D750099E1E2 /* ChildViewController.swift in Sources */,
				8022EDB5205E5A920099E1E2 /* SwipeTableViewController.swift in Sources */,
				8022EDBA205E5C330099E1E2 /* SearchViewController.swift in Sources */,
				8022EDC7205E5D750099E1E2 /* DesignableButton.swift in Sources */,
				8022EDB2205E57580099E1E2 /* imageAndLabelTableViewCell.swift in Sources */,
				8022EDA5205E572F0099E1E2 /* LayoutSetting.swift in Sources */,
				8022EDC5205E5D750099E1E2 /* ThirdViewController.swift in Sources */,
				8022EDB0205E57580099E1E2 /* buttonAndImageCellTableViewCell.swift in Sources */,
				8022EDA4205E572F0099E1E2 /* ColorConstant.swift in Sources */,
				8022EDAF205E57580099E1E2 /* basicTextandLabelTableViewCell.swift in Sources */,
			);
			runOnlyForDeploymentPostprocessing = 0;
		};
		8022ED77205E507E0099E1E2 /* Sources */ = {
			isa = PBXSourcesBuildPhase;
			buildActionMask = 2147483647;
			files = (
				8022ED80205E507F0099E1E2 /* AllDemoTests.swift in Sources */,
			);
			runOnlyForDeploymentPostprocessing = 0;
		};
		8022ED82205E507F0099E1E2 /* Sources */ = {
			isa = PBXSourcesBuildPhase;
			buildActionMask = 2147483647;
			files = (
				8022ED8B205E507F0099E1E2 /* AllDemoUITests.swift in Sources */,
			);
			runOnlyForDeploymentPostprocessing = 0;
		};
/* End PBXSourcesBuildPhase section */

/* Begin PBXTargetDependency section */
		8022ED7D205E507E0099E1E2 /* PBXTargetDependency */ = {
			isa = PBXTargetDependency;
			target = 8022ED66205E507C0099E1E2 /* AllDemo */;
			targetProxy = 8022ED7C205E507E0099E1E2 /* PBXContainerItemProxy */;
		};
		8022ED88205E507F0099E1E2 /* PBXTargetDependency */ = {
			isa = PBXTargetDependency;
			target = 8022ED66205E507C0099E1E2 /* AllDemo */;
			targetProxy = 8022ED87205E507F0099E1E2 /* PBXContainerItemProxy */;
		};
/* End PBXTargetDependency section */

/* Begin PBXVariantGroup section */
		8022ED6E205E507D0099E1E2 /* Main.storyboard */ = {
			isa = PBXVariantGroup;
			children = (
				8022ED6F205E507D0099E1E2 /* Base */,
			);
			name = Main.storyboard;
			sourceTree = "<group>";
		};
		8022ED73205E507D0099E1E2 /* LaunchScreen.storyboard */ = {
			isa = PBXVariantGroup;
			children = (
				8022ED74205E507D0099E1E2 /* Base */,
			);
			name = LaunchScreen.storyboard;
			sourceTree = "<group>";
		};
/* End PBXVariantGroup section */

/* Begin XCBuildConfiguration section */
		8022ED8D205E507F0099E1E2 /* Debug */ = {
			isa = XCBuildConfiguration;
			buildSettings = {
				ALWAYS_SEARCH_USER_PATHS = NO;
				CLANG_ANALYZER_NONNULL = YES;
				CLANG_ANALYZER_NUMBER_OBJECT_CONVERSION = YES_AGGRESSIVE;
				CLANG_CXX_LANGUAGE_STANDARD = "gnu++14";
				CLANG_CXX_LIBRARY = "libc++";
				CLANG_ENABLE_MODULES = YES;
				CLANG_ENABLE_OBJC_ARC = YES;
				CLANG_WARN_BLOCK_CAPTURE_AUTORELEASING = YES;
				CLANG_WARN_BOOL_CONVERSION = YES;
				CLANG_WARN_COMMA = YES;
				CLANG_WARN_CONSTANT_CONVERSION = YES;
				CLANG_WARN_DIRECT_OBJC_ISA_USAGE = YES_ERROR;
				CLANG_WARN_DOCUMENTATION_COMMENTS = YES;
				CLANG_WARN_EMPTY_BODY = YES;
				CLANG_WARN_ENUM_CONVERSION = YES;
				CLANG_WARN_INFINITE_RECURSION = YES;
				CLANG_WARN_INT_CONVERSION = YES;
				CLANG_WARN_NON_LITERAL_NULL_CONVERSION = YES;
				CLANG_WARN_OBJC_LITERAL_CONVERSION = YES;
				CLANG_WARN_OBJC_ROOT_CLASS = YES_ERROR;
				CLANG_WARN_RANGE_LOOP_ANALYSIS = YES;
				CLANG_WARN_STRICT_PROTOTYPES = YES;
				CLANG_WARN_SUSPICIOUS_MOVE = YES;
				CLANG_WARN_UNGUARDED_AVAILABILITY = YES_AGGRESSIVE;
				CLANG_WARN_UNREACHABLE_CODE = YES;
				CLANG_WARN__DUPLICATE_METHOD_MATCH = YES;
				CODE_SIGN_IDENTITY = "iPhone Developer";
				COPY_PHASE_STRIP = NO;
				DEBUG_INFORMATION_FORMAT = dwarf;
				ENABLE_STRICT_OBJC_MSGSEND = YES;
				ENABLE_TESTABILITY = YES;
				GCC_C_LANGUAGE_STANDARD = gnu11;
				GCC_DYNAMIC_NO_PIC = NO;
				GCC_NO_COMMON_BLOCKS = YES;
				GCC_OPTIMIZATION_LEVEL = 0;
				GCC_PREPROCESSOR_DEFINITIONS = (
					"DEBUG=1",
					"$(inherited)",
				);
				GCC_WARN_64_TO_32_BIT_CONVERSION = YES;
				GCC_WARN_ABOUT_RETURN_TYPE = YES_ERROR;
				GCC_WARN_UNDECLARED_SELECTOR = YES;
				GCC_WARN_UNINITIALIZED_AUTOS = YES_AGGRESSIVE;
				GCC_WARN_UNUSED_FUNCTION = YES;
				GCC_WARN_UNUSED_VARIABLE = YES;
				IPHONEOS_DEPLOYMENT_TARGET = 11.2;
				MTL_ENABLE_DEBUG_INFO = YES;
				ONLY_ACTIVE_ARCH = YES;
				SDKROOT = iphoneos;
				SWIFT_ACTIVE_COMPILATION_CONDITIONS = DEBUG;
				SWIFT_OPTIMIZATION_LEVEL = "-Onone";
			};
			name = Debug;
		};
		8022ED8E205E507F0099E1E2 /* Release */ = {
			isa = XCBuildConfiguration;
			buildSettings = {
				ALWAYS_SEARCH_USER_PATHS = NO;
				CLANG_ANALYZER_NONNULL = YES;
				CLANG_ANALYZER_NUMBER_OBJECT_CONVERSION = YES_AGGRESSIVE;
				CLANG_CXX_LANGUAGE_STANDARD = "gnu++14";
				CLANG_CXX_LIBRARY = "libc++";
				CLANG_ENABLE_MODULES = YES;
				CLANG_ENABLE_OBJC_ARC = YES;
				CLANG_WARN_BLOCK_CAPTURE_AUTORELEASING = YES;
				CLANG_WARN_BOOL_CONVERSION = YES;
				CLANG_WARN_COMMA = YES;
				CLANG_WARN_CONSTANT_CONVERSION = YES;
				CLANG_WARN_DIRECT_OBJC_ISA_USAGE = YES_ERROR;
				CLANG_WARN_DOCUMENTATION_COMMENTS = YES;
				CLANG_WARN_EMPTY_BODY = YES;
				CLANG_WARN_ENUM_CONVERSION = YES;
				CLANG_WARN_INFINITE_RECURSION = YES;
				CLANG_WARN_INT_CONVERSION = YES;
				CLANG_WARN_NON_LITERAL_NULL_CONVERSION = YES;
				CLANG_WARN_OBJC_LITERAL_CONVERSION = YES;
				CLANG_WARN_OBJC_ROOT_CLASS = YES_ERROR;
				CLANG_WARN_RANGE_LOOP_ANALYSIS = YES;
				CLANG_WARN_STRICT_PROTOTYPES = YES;
				CLANG_WARN_SUSPICIOUS_MOVE = YES;
				CLANG_WARN_UNGUARDED_AVAILABILITY = YES_AGGRESSIVE;
				CLANG_WARN_UNREACHABLE_CODE = YES;
				CLANG_WARN__DUPLICATE_METHOD_MATCH = YES;
				CODE_SIGN_IDENTITY = "iPhone Developer";
				COPY_PHASE_STRIP = NO;
				DEBUG_INFORMATION_FORMAT = "dwarf-with-dsym";
				ENABLE_NS_ASSERTIONS = NO;
				ENABLE_STRICT_OBJC_MSGSEND = YES;
				GCC_C_LANGUAGE_STANDARD = gnu11;
				GCC_NO_COMMON_BLOCKS = YES;
				GCC_WARN_64_TO_32_BIT_CONVERSION = YES;
				GCC_WARN_ABOUT_RETURN_TYPE = YES_ERROR;
				GCC_WARN_UNDECLARED_SELECTOR = YES;
				GCC_WARN_UNINITIALIZED_AUTOS = YES_AGGRESSIVE;
				GCC_WARN_UNUSED_FUNCTION = YES;
				GCC_WARN_UNUSED_VARIABLE = YES;
				IPHONEOS_DEPLOYMENT_TARGET = 11.2;
				MTL_ENABLE_DEBUG_INFO = NO;
				SDKROOT = iphoneos;
				SWIFT_OPTIMIZATION_LEVEL = "-Owholemodule";
				VALIDATE_PRODUCT = YES;
			};
			name = Release;
		};
		8022ED90205E507F0099E1E2 /* Debug */ = {
			isa = XCBuildConfiguration;
			baseConfigurationReference = DC144FAB01D7494431F61E3A /* Pods-AllDemo.debug.xcconfig */;
			buildSettings = {
				ASSETCATALOG_COMPILER_APPICON_NAME = AppIcon;
				CODE_SIGN_STYLE = Automatic;
				INFOPLIST_FILE = AllDemo/Info.plist;
				IPHONEOS_DEPLOYMENT_TARGET = 9.0;
				LD_RUNPATH_SEARCH_PATHS = "$(inherited) @executable_path/Frameworks";
				LIBRARY_SEARCH_PATHS = (
					"$(SDKROOT)/Developer/Library/Frameworks\n\n$(inherited)",
				);
				PRODUCT_BUNDLE_IDENTIFIER = com..AllDemo;
				PRODUCT_NAME = "$(TARGET_NAME)";
				SWIFT_VERSION = 4.0;
				TARGETED_DEVICE_FAMILY = "1,2";
			};
			name = Debug;
		};
		8022ED91205E507F0099E1E2 /* Release */ = {
			isa = XCBuildConfiguration;
			baseConfigurationReference = 91BFD878EBFEC92608096EB3 /* Pods-AllDemo.release.xcconfig */;
			buildSettings = {
				ASSETCATALOG_COMPILER_APPICON_NAME = AppIcon;
				CODE_SIGN_STYLE = Automatic;
				INFOPLIST_FILE = AllDemo/Info.plist;
				IPHONEOS_DEPLOYMENT_TARGET = 9.0;
				LD_RUNPATH_SEARCH_PATHS = "$(inherited) @executable_path/Frameworks";
				PRODUCT_BUNDLE_IDENTIFIER = com..AllDemo;
				PRODUCT_NAME = "$(TARGET_NAME)";
				SWIFT_VERSION = 4.0;
				TARGETED_DEVICE_FAMILY = "1,2";
			};
			name = Release;
		};
		8022ED93205E507F0099E1E2 /* Debug */ = {
			isa = XCBuildConfiguration;
			buildSettings = {
				ALWAYS_EMBED_SWIFT_STANDARD_LIBRARIES = YES;
				BUNDLE_LOADER = "$(TEST_HOST)";
				CODE_SIGN_STYLE = Automatic;
				INFOPLIST_FILE = AllDemoTests/Info.plist;
				LD_RUNPATH_SEARCH_PATHS = "$(inherited) @executable_path/Frameworks @loader_path/Frameworks";
				PRODUCT_BUNDLE_IDENTIFIER = com..AllDemoTests;
				PRODUCT_NAME = "$(TARGET_NAME)";
				SWIFT_VERSION = 4.0;
				TARGETED_DEVICE_FAMILY = "1,2";
				TEST_HOST = "$(BUILT_PRODUCTS_DIR)/AllDemo.app/AllDemo";
			};
			name = Debug;
		};
		8022ED94205E507F0099E1E2 /* Release */ = {
			isa = XCBuildConfiguration;
			buildSettings = {
				ALWAYS_EMBED_SWIFT_STANDARD_LIBRARIES = YES;
				BUNDLE_LOADER = "$(TEST_HOST)";
				CODE_SIGN_STYLE = Automatic;
				INFOPLIST_FILE = AllDemoTests/Info.plist;
				LD_RUNPATH_SEARCH_PATHS = "$(inherited) @executable_path/Frameworks @loader_path/Frameworks";
				PRODUCT_BUNDLE_IDENTIFIER = com..AllDemoTests;
				PRODUCT_NAME = "$(TARGET_NAME)";
				SWIFT_VERSION = 4.0;
				TARGETED_DEVICE_FAMILY = "1,2";
				TEST_HOST = "$(BUILT_PRODUCTS_DIR)/AllDemo.app/AllDemo";
			};
			name = Release;
		};
		8022ED96205E507F0099E1E2 /* Debug */ = {
			isa = XCBuildConfiguration;
			buildSettings = {
				ALWAYS_EMBED_SWIFT_STANDARD_LIBRARIES = YES;
				CODE_SIGN_STYLE = Automatic;
				INFOPLIST_FILE = AllDemoUITests/Info.plist;
				LD_RUNPATH_SEARCH_PATHS = "$(inherited) @executable_path/Frameworks @loader_path/Frameworks";
				PRODUCT_BUNDLE_IDENTIFIER = com..AllDemoUITests;
				PRODUCT_NAME = "$(TARGET_NAME)";
				SWIFT_VERSION = 4.0;
				TARGETED_DEVICE_FAMILY = "1,2";
				TEST_TARGET_NAME = AllDemo;
			};
			name = Debug;
		};
		8022ED97205E507F0099E1E2 /* Release */ = {
			isa = XCBuildConfiguration;
			buildSettings = {
				ALWAYS_EMBED_SWIFT_STANDARD_LIBRARIES = YES;
				CODE_SIGN_STYLE = Automatic;
				INFOPLIST_FILE = AllDemoUITests/Info.plist;
				LD_RUNPATH_SEARCH_PATHS = "$(inherited) @executable_path/Frameworks @loader_path/Frameworks";
				PRODUCT_BUNDLE_IDENTIFIER = com..AllDemoUITests;
				PRODUCT_NAME = "$(TARGET_NAME)";
				SWIFT_VERSION = 4.0;
				TARGETED_DEVICE_FAMILY = "1,2";
				TEST_TARGET_NAME = AllDemo;
			};
			name = Release;
		};
/* End XCBuildConfiguration section */

/* Begin XCConfigurationList section */
		8022ED62205E507B0099E1E2 /* Build configuration list for PBXProject "AllDemo" */ = {
			isa = XCConfigurationList;
			buildConfigurations = (
				8022ED8D205E507F0099E1E2 /* Debug */,
				8022ED8E205E507F0099E1E2 /* Release */,
			);
			defaultConfigurationIsVisible = 0;
			defaultConfigurationName = Release;
		};
		8022ED8F205E507F0099E1E2 /* Build configuration list for PBXNativeTarget "AllDemo" */ = {
			isa = XCConfigurationList;
			buildConfigurations = (
				8022ED90205E507F0099E1E2 /* Debug */,
				8022ED91205E507F0099E1E2 /* Release */,
			);
			defaultConfigurationIsVisible = 0;
			defaultConfigurationName = Release;
		};
		8022ED92205E507F0099E1E2 /* Build configuration list for PBXNativeTarget "AllDemoTests" */ = {
			isa = XCConfigurationList;
			buildConfigurations = (
				8022ED93205E507F0099E1E2 /* Debug */,
				8022ED94205E507F0099E1E2 /* Release */,
			);
			defaultConfigurationIsVisible = 0;
			defaultConfigurationName = Release;
		};
		8022ED95205E507F0099E1E2 /* Build configuration list for PBXNativeTarget "AllDemoUITests" */ = {
			isa = XCConfigurationList;
			buildConfigurations = (
				8022ED96205E507F0099E1E2 /* Debug */,
				8022ED97205E507F0099E1E2 /* Release */,
			);
			defaultConfigurationIsVisible = 0;
			defaultConfigurationName = Release;
		};
/* End XCConfigurationList section */
	};
	rootObject = 8022ED5F205E507B0099E1E2 /* Project object */;
}
